
Microsoft Visual Studio Solution File, Format Version 12.00
# Visual Studio 15
VisualStudioVersion = 15.0.28307.168
MinimumVisualStudioVersion = 10.0.40219.1
Project("{FAE04EC0-301F-11D3-BF4B-00C04F79EFBC}") = "TestXBoxApp", "TestXBoxApp\TestXBoxApp.csproj", "{9C60E523-921C-4016-9363-A908F9E709AE}"
EndProject
Project("{8BC9CEB8-8B4A-11D0-8D11-00A0C91BC942}") = "DirectX11App", "DirectX11App\DirectX11App.vcxproj", "{E243E34D-ECC6-4C42-B069-6B5D70C57671}"
EndProject
Global
	GlobalSection(SolutionConfigurationPlatforms) = preSolution
		Debug|ARM = Debug|ARM
		Debug|ARM64 = Debug|ARM64
		Debug|x64 = Debug|x64
		Debug|x86 = Debug|x86
		Release|ARM = Release|ARM
		Release|ARM64 = Release|ARM64
		Release|x64 = Release|x64
		Release|x86 = Release|x86
	EndGlobalSection
	GlobalSection(ProjectConfigurationPlatforms) = postSolution
		{9C60E523-921C-4016-9363-A908F9E709AE}.Debug|ARM.ActiveCfg = Debug|ARM
		{9C60E523-921C-4016-9363-A908F9E709AE}.Debug|ARM.Build.0 = Debug|ARM
		{9C60E523-921C-4016-9363-A908F9E709AE}.Debug|ARM.Deploy.0 = Debug|ARM
		{9C60E523-921C-4016-9363-A908F9E709AE}.Debug|ARM64.ActiveCfg = Debug|ARM64
		{9C60E523-921C-4016-9363-A908F9E709AE}.Debug|ARM64.Build.0 = Debug|ARM64
		{9C60E523-921C-4016-9363-A908F9E709AE}.Debug|ARM64.Deploy.0 = Debug|ARM64
		{9C60E523-921C-4016-9363-A908F9E709AE}.Debug|x64.ActiveCfg = Debug|x64
		{9C60E523-921C-4016-9363-A908F9E709AE}.Debug|x64.Build.0 = Debug|x64
		{9C60E523-921C-4016-9363-A908F9E709AE}.Debug|x64.Deploy.0 = Debug|x64
		{9C60E523-921C-4016-9363-A908F9E709AE}.Debug|x86.ActiveCfg = Debug|x86
		{9C60E523-921C-4016-9363-A908F9E709AE}.Debug|x86.Build.0 = Debug|x86
		{9C60E523-921C-4016-9363-A908F9E709AE}.Debug|x86.Deploy.0 = Debug|x86
		{9C60E523-921C-4016-9363-A908F9E709AE}.Release|ARM.ActiveCfg = Release|ARM
		{9C60E523-921C-4016-9363-A908F9E709AE}.Release|ARM.Build.0 = Release|ARM
		{9C60E523-921C-4016-9363-A908F9E709AE}.Release|ARM.Deploy.0 = Release|ARM
		{9C60E523-921C-4016-9363-A908F9E709AE}.Release|ARM64.ActiveCfg = Release|ARM64
		{9C60E523-921C-4016-9363-A908F9E709AE}.Release|ARM64.Build.0 = Release|ARM64
		{9C60E523-921C-4016-9363-A908F9E709AE}.Release|ARM64.Deploy.0 = Release|ARM64
		{9C60E523-921C-4016-9363-A908F9E709AE}.Release|x64.ActiveCfg = Release|x64
		{9C60E523-921C-4016-9363-A908F9E709AE}.Release|x64.Build.0 = Release|x64
		{9C60E523-921C-4016-9363-A908F9E709AE}.Release|x64.Deploy.0 = Release|x64
		{9C60E523-921C-4016-9363-A908F9E709AE}.Release|x86.ActiveCfg = Release|x86
		{9C60E523-921C-4016-9363-A908F9E709AE}.Release|x86.Build.0 = Release|x86
		{9C60E523-921C-4016-9363-A908F9E709AE}.Release|x86.Deploy.0 = Release|x86
		{E243E34D-ECC6-4C42-B069-6B5D70C57671}.Debug|ARM.ActiveCfg = Debug|ARM
		{E243E34D-ECC6-4C42-B069-6B5D70C57671}.Debug|ARM.Build.0 = Debug|ARM
		{E243E34D-ECC6-4C42-B069-6B5D70C57671}.Debug|ARM.Deploy.0 = Debug|ARM
		{E243E34D-ECC6-4C42-B069-6B5D70C57671}.Debug|ARM64.ActiveCfg = Debug|ARM64
		{E243E34D-ECC6-4C42-B069-6B5D70C57671}.Debug|ARM64.Build.0 = Debug|ARM64
		{E243E34D-ECC6-4C42-B069-6B5D70C57671}.Debug|ARM64.Deploy.0 = Debug|ARM64
		{E243E34D-ECC6-4C42-B069-6B5D70C57671}.Debug|x64.ActiveCfg = Debug|x64
		{E243E34D-ECC6-4C42-B069-6B5D70C57671}.Debug|x64.Build.0 = Debug|x64
		{E243E34D-ECC6-4C42-B069-6B5D70C57671}.Debug|x64.Deploy.0 = Debug|x64
		{E243E34D-ECC6-4C42-B069-6B5D70C57671}.Debug|x86.ActiveCfg = Debug|Win32
		{E243E34D-ECC6-4C42-B069-6B5D70C57671}.Debug|x86.Build.0 = Debug|Win32
		{E243E34D-ECC6-4C42-B069-6B5D70C57671}.Debug|x86.Deploy.0 = Debug|Win32
		{E243E34D-ECC6-4C42-B069-6B5D70C57671}.Release|ARM.ActiveCfg = Release|ARM
		{E243E34D-ECC6-4C42-B069-6B5D70C57671}.Release|ARM.Build.0 = Release|ARM
		{E243E34D-ECC6-4C42-B069-6B5D70C57671}.Release|ARM.Deploy.0 = Release|ARM
		{E243E34D-ECC6-4C42-B069-6B5D70C57671}.Release|ARM64.ActiveCfg = Release|ARM64
		{E243E34D-ECC6-4C42-B069-6B5D70C57671}.Release|ARM64.Build.0 = Release|ARM64
		{E243E34D-ECC6-4C42-B069-6B5D70C57671}.Release|ARM64.Deploy.0 = Release|ARM64
		{E243E34D-ECC6-4C42-B069-6B5D70C57671}.Release|x64.ActiveCfg = Release|x64
		{E243E34D-ECC6-4C42-B069-6B5D70C57671}.Release|x64.Build.0 = Release|x64
		{E243E34D-ECC6-4C42-B069-6B5D70C57671}.Release|x64.Deploy.0 = Release|x64
		{E243E34D-ECC6-4C42-B069-6B5D70C57671}.Release|x86.ActiveCfg = Release|Win32
		{E243E34D-ECC6-4C42-B069-6B5D70C57671}.Release|x86.Build.0 = Release|Win32
		{E243E34D-ECC6-4C42-B069-6B5D70C57671}.Release|x86.Deploy.0 = Release|Win32
	EndGlobalSection
	GlobalSection(SolutionProperties) = preSolution
		HideSolutionNode = FALSE
	EndGlobalSection
	GlobalSection(ExtensibilityGlobals) = postSolution
		SolutionGuid = {10198C9A-5BD4-4544-98A7-526586579FE0}
	EndGlobalSection
EndGlobal
